// !$*UTF8*$!
{
	archiveVersion = 1;
	classes = {
	};
	objectVersion = 46;
	objects = {

/* Begin PBXBuildFile section */
		A37856791F0F4BAF00E3089C /* AppDelegate.swift in Sources */ = {isa = PBXBuildFile; fileRef = A37856781F0F4BAF00E3089C /* AppDelegate.swift */; };
		A378567B1F0F4BAF00E3089C /* ViewController.swift in Sources */ = {isa = PBXBuildFile; fileRef = A378567A1F0F4BAF00E3089C /* ViewController.swift */; };
		A378567E1F0F4BAF00E3089C /* Main.storyboard in Resources */ = {isa = PBXBuildFile; fileRef = A378567C1F0F4BAF00E3089C /* Main.storyboard */; };
		A37856801F0F4BAF00E3089C /* Assets.xcassets in Resources */ = {isa = PBXBuildFile; fileRef = A378567F1F0F4BAF00E3089C /* Assets.xcassets */; };
		A37856831F0F4BAF00E3089C /* LaunchScreen.storyboard in Resources */ = {isa = PBXBuildFile; fileRef = A37856811F0F4BAF00E3089C /* LaunchScreen.storyboard */; };
		A378568E1F0F4BAF00E3089C /* MyAppTests.swift in Sources */ = {isa = PBXBuildFile; fileRef = A378568D1F0F4BAF00E3089C /* MyAppTests.swift */; };
		A37856991F0F4BAF00E3089C /* MyAppUITests.swift in Sources */ = {isa = PBXBuildFile; fileRef = A37856981F0F4BAF00E3089C /* MyAppUITests.swift */; };
/* End PBXBuildFile section */

/* Begin PBXContainerItemProxy section */
		A378568A1F0F4BAF00E3089C /* PBXContainerItemProxy */ = {
			isa = PBXContainerItemProxy;
			containerPortal = A378566D1F0F4BAE00E3089C /* Project object */;
			proxyType = 1;
			remoteGlobalIDString = A37856741F0F4BAF00E3089C;
			remoteInfo = MyApp;
		};
		A37856951F0F4BAF00E3089C /* PBXContainerItemProxy */ = {
			isa = PBXContainerItemProxy;
			containerPortal = A378566D1F0F4BAE00E3089C /* Project object */;
			proxyType = 1;
			remoteGlobalIDString = A37856741F0F4BAF00E3089C;
			remoteInfo = MyApp;
		};
/* End PBXContainerItemProxy section */

/* Begin PBXFileReference section */
		A37856751F0F4BAF00E3089C /* MyApp.app */ = {isa = PBXFileReference; explicitFileType = wrapper.application; includeInIndex = 0; path = MyApp.app; sourceTree = BUILT_PRODUCTS_DIR; };
		A37856781F0F4BAF00E3089C /* AppDelegate.swift */ = {isa = PBXFileReference; lastKnownFileType = sourcecode.swift; path = AppDelegate.swift; sourceTree = "<group>"; };
		A378567A1F0F4BAF00E3089C /* ViewController.swift */ = {isa = PBXFileReference; lastKnownFileType = sourcecode.swift; path = ViewController.swift; sourceTree = "<group>"; };
		A378567D1F0F4BAF00E3089C /* Base */ = {isa = PBXFileReference; lastKnownFileType = file.storyboard; name = Base; path = Base.lproj/Main.storyboard; sourceTree = "<group>"; };
		A378567F1F0F4BAF00E3089C /* Assets.xcassets */ = {isa = PBXFileReference; lastKnownFileType = folder.assetcatalog; path = Assets.xcassets; sourceTree = "<group>"; };
		A37856821F0F4BAF00E3089C /* Base */ = {isa = PBXFileReference; lastKnownFileType = file.storyboard; name = Base; path = Base.lproj/LaunchScreen.storyboard; sourceTree = "<group>"; };
		A37856841F0F4BAF00E3089C /* Info.plist */ = {isa = PBXFileReference; lastKnownFileType = text.plist.xml; path = Info.plist; sourceTree = "<group>"; };
		A37856891F0F4BAF00E3089C /* MyAppTests.xctest */ = {isa = PBXFileReference; explicitFileType = wrapper.cfbundle; includeInIndex = 0; path = MyAppTests.xctest; sourceTree = BUILT_PRODUCTS_DIR; };
		A378568D1F0F4BAF00E3089C /* MyAppTests.swift */ = {isa = PBXFileReference; lastKnownFileType = sourcecode.swift; path = MyAppTests.swift; sourceTree = "<group>"; };
		A378568F1F0F4BAF00E3089C /* Info.plist */ = {isa = PBXFileReference; lastKnownFileType = text.plist.xml; path = Info.plist; sourceTree = "<group>"; };
		A37856941F0F4BAF00E3089C /* MyAppUITests.xctest */ = {isa = PBXFileReference; explicitFileType = wrapper.cfbundle; includeInIndex = 0; path = MyAppUITests.xctest; sourceTree = BUILT_PRODUCTS_DIR; };
		A37856981F0F4BAF00E3089C /* MyAppUITests.swift */ = {isa = PBXFileReference; lastKnownFileType = sourcecode.swift; path = MyAppUITests.swift; sourceTree = "<group>"; };
		A378569A1F0F4BAF00E3089C /* Info.plist */ = {isa = PBXFileReference; lastKnownFileType = text.plist.xml; path = Info.plist; sourceTree = "<group>"; };
/* End PBXFileReference section */

/* Begin PBXFrameworksBuildPhase section */
		A37856721F0F4BAF00E3089C /* Frameworks */ = {
			isa = PBXFrameworksBuildPhase;
			buildActionMask = 2147483647;
			files = (
			);
			runOnlyForDeploymentPostprocessing = 0;
		};
		A37856861F0F4BAF00E3089C /* Frameworks */ = {
			isa = PBXFrameworksBuildPhase;
			buildActionMask = 2147483647;
			files = (
			);
			runOnlyForDeploymentPostprocessing = 0;
		};
		A37856911F0F4BAF00E3089C /* Frameworks */ = {
			isa = PBXFrameworksBuildPhase;
			buildActionMask = 2147483647;
			files = (
			);
			runOnlyForDeploymentPostprocessing = 0;
		};
/* End PBXFrameworksBuildPhase section */

/* Begin PBXGroup section */
		A378566C1F0F4BAE00E3089C = {
			isa = PBXGroup;
			children = (
				A37856771F0F4BAF00E3089C /* MyApp */,
				A378568C1F0F4BAF00E3089C /* MyAppTests */,
				A37856971F0F4BAF00E3089C /* MyAppUITests */,
				A37856761F0F4BAF00E3089C /* Products */,
			);
			sourceTree = "<group>";
		};
		A37856761F0F4BAF00E3089C /* Products */ = {
			isa = PBXGroup;
			children = (
				A37856751F0F4BAF00E3089C /* MyApp.app */,
				A37856891F0F4BAF00E3089C /* MyAppTests.xctest */,
				A37856941F0F4BAF00E3089C /* MyAppUITests.xctest */,
			);
			name = Products;
			sourceTree = "<group>";
		};
		A37856771F0F4BAF00E3089C /* MyApp */ = {
			isa = PBXGroup;
			children = (
				A37856781F0F4BAF00E3089C /* AppDelegate.swift */,
				A378567A1F0F4BAF00E3089C /* ViewController.swift */,
				A378567C1F0F4BAF00E3089C /* Main.storyboard */,
				A378567F1F0F4BAF00E3089C /* Assets.xcassets */,
				A37856811F0F4BAF00E3089C /* LaunchScreen.storyboard */,
				A37856841F0F4BAF00E3089C /* Info.plist */,
			);
			path = MyApp;
			sourceTree = "<group>";
		};
		A378568C1F0F4BAF00E3089C /* MyAppTests */ = {
			isa = PBXGroup;
			children = (
				A378568D1F0F4BAF00E3089C /* MyAppTests.swift */,
				A378568F1F0F4BAF00E3089C /* Info.plist */,
			);
			path = MyAppTests;
			sourceTree = "<group>";
		};
		A37856971F0F4BAF00E3089C /* MyAppUITests */ = {
			isa = PBXGroup;
			children = (
				A37856981F0F4BAF00E3089C /* MyAppUITests.swift */,
				A378569A1F0F4BAF00E3089C /* Info.plist */,
			);
			path = MyAppUITests;
			sourceTree = "<group>";
		};
/* End PBXGroup section */

/* Begin PBXNativeTarget section */
		A37856741F0F4BAF00E3089C /* MyApp */ = {
			isa = PBXNativeTarget;
			buildConfigurationList = A378569D1F0F4BAF00E3089C /* Build configuration list for PBXNativeTarget "MyApp" */;
			buildPhases = (
				A37856711F0F4BAF00E3089C /* Sources */,
				A37856721F0F4BAF00E3089C /* Frameworks */,
				A37856731F0F4BAF00E3089C /* Resources */,
			);
			buildRules = (
			);
			dependencies = (
			);
			name = MyApp;
			productName = MyApp;
			productReference = A37856751F0F4BAF00E3089C /* MyApp.app */;
			productType = "com.apple.product-type.application";
		};
		A37856881F0F4BAF00E3089C /* MyAppTests */ = {
			isa = PBXNativeTarget;
			buildConfigurationList = A37856A01F0F4BAF00E3089C /* Build configuration list for PBXNativeTarget "MyAppTests" */;
			buildPhases = (
				A37856851F0F4BAF00E3089C /* Sources */,
				A37856861F0F4BAF00E3089C /* Frameworks */,
				A37856871F0F4BAF00E3089C /* Resources */,
			);
			buildRules = (
			);
			dependencies = (
				A378568B1F0F4BAF00E3089C /* PBXTargetDependency */,
			);
			name = MyAppTests;
			productName = MyAppTests;
			productReference = A37856891F0F4BAF00E3089C /* MyAppTests.xctest */;
			productType = "com.apple.product-type.bundle.unit-test";
		};
		A37856931F0F4BAF00E3089C /* MyAppUITests */ = {
			isa = PBXNativeTarget;
			buildConfigurationList = A37856A31F0F4BAF00E3089C /* Build configuration list for PBXNativeTarget "MyAppUITests" */;
			buildPhases = (
				A37856901F0F4BAF00E3089C /* Sources */,
				A37856911F0F4BAF00E3089C /* Frameworks */,
				A37856921F0F4BAF00E3089C /* Resources */,
			);
			buildRules = (
			);
			dependencies = (
				A37856961F0F4BAF00E3089C /* PBXTargetDependency */,
			);
			name = MyAppUITests;
			productName = MyAppUITests;
			productReference = A37856941F0F4BAF00E3089C /* MyAppUITests.xctest */;
			productType = "com.apple.product-type.bundle.ui-testing";
		};
/* End PBXNativeTarget section */

/* Begin PBXProject section */
		A378566D1F0F4BAE00E3089C /* Project object */ = {
			isa = PBXProject;
			attributes = {
				LastSwiftUpdateCheck = 0830;
				LastUpgradeCheck = 0830;
				ORGANIZATIONNAME = "Vinh Nguyen";
				TargetAttributes = {
					A37856741F0F4BAF00E3089C = {
						CreatedOnToolsVersion = 8.3.3;
						DevelopmentTeam = WDN889866X;
						ProvisioningStyle = Automatic;
					};
					A37856881F0F4BAF00E3089C = {
						CreatedOnToolsVersion = 8.3.3;
						DevelopmentTeam = WDN889866X;
						ProvisioningStyle = Automatic;
						TestTargetID = A37856741F0F4BAF00E3089C;
					};
					A37856931F0F4BAF00E3089C = {
						CreatedOnToolsVersion = 8.3.3;
						DevelopmentTeam = WDN889866X;
						ProvisioningStyle = Automatic;
						TestTargetID = A37856741F0F4BAF00E3089C;
					};
				};
			};
			buildConfigurationList = A37856701F0F4BAE00E3089C /* Build configuration list for PBXProject "MyApp" */;
			compatibilityVersion = "Xcode 3.2";
			developmentRegion = English;
			hasScannedForEncodings = 0;
			knownRegions = (
				en,
				Base,
			);
			mainGroup = A378566C1F0F4BAE00E3089C;
			productRefGroup = A37856761F0F4BAF00E3089C /* Products */;
			projectDirPath = "";
			projectRoot = "";
			targets = (
				A37856741F0F4BAF00E3089C /* MyApp */,
				A37856881F0F4BAF00E3089C /* MyAppTests */,
				A37856931F0F4BAF00E3089C /* MyAppUITests */,
			);
		};
/* End PBXProject section */

/* Begin PBXResourcesBuildPhase section */
		A37856731F0F4BAF00E3089C /* Resources */ = {
			isa = PBXResourcesBuildPhase;
			buildActionMask = 2147483647;
			files = (
				A37856831F0F4BAF00E3089C /* LaunchScreen.storyboard in Resources */,
				A37856801F0F4BAF00E3089C /* Assets.xcassets in Resources */,
				A378567E1F0F4BAF00E3089C /* Main.storyboard in Resources */,
			);
			runOnlyForDeploymentPostprocessing = 0;
		};
		A37856871F0F4BAF00E3089C /* Resources */ = {
			isa = PBXResourcesBuildPhase;
			buildActionMask = 2147483647;
			files = (
			);
			runOnlyForDeploymentPostprocessing = 0;
		};
		A37856921F0F4BAF00E3089C /* Resources */ = {
			isa = PBXResourcesBuildPhase;
			buildActionMask = 2147483647;
			files = (
			);
			runOnlyForDeploymentPostprocessing = 0;
		};
/* End PBXResourcesBuildPhase section */

/* Begin PBXSourcesBuildPhase section */
		A37856711F0F4BAF00E3089C /* Sources */ = {
			isa = PBXSourcesBuildPhase;
			buildActionMask = 2147483647;
			files = (
				A378567B1F0F4BAF00E3089C /* ViewController.swift in Sources */,
				A37856791F0F4BAF00E3089C /* AppDelegate.swift in Sources */,
			);
			runOnlyForDeploymentPostprocessing = 0;
		};
		A37856851F0F4BAF00E3089C /* Sources */ = {
			isa = PBXSourcesBuildPhase;
			buildActionMask = 2147483647;
			files = (
				A378568E1F0F4BAF00E3089C /* MyAppTests.swift in Sources */,
			);
			runOnlyForDeploymentPostprocessing = 0;
		};
		A37856901F0F4BAF00E3089C /* Sources */ = {
			isa = PBXSourcesBuildPhase;
			buildActionMask = 2147483647;
			files = (
				A37856991F0F4BAF00E3089C /* MyAppUITests.swift in Sources */,
			);
			runOnlyForDeploymentPostprocessing = 0;
		};
/* End PBXSourcesBuildPhase section */

/* Begin PBXTargetDependency section */
		A378568B1F0F4BAF00E3089C /* PBXTargetDependency */ = {
			isa = PBXTargetDependency;
			target = A37856741F0F4BAF00E3089C /* MyApp */;
			targetProxy = A378568A1F0F4BAF00E3089C /* PBXContainerItemProxy */;
		};
		A37856961F0F4BAF00E3089C /* PBXTargetDependency */ = {
			isa = PBXTargetDependency;
			target = A37856741F0F4BAF00E3089C /* MyApp */;
			targetProxy = A37856951F0F4BAF00E3089C /* PBXContainerItemProxy */;
		};
/* End PBXTargetDependency section */

/* Begin PBXVariantGroup section */
		A378567C1F0F4BAF00E3089C /* Main.storyboard */ = {
			isa = PBXVariantGroup;
			children = (
				A378567D1F0F4BAF00E3089C /* Base */,
			);
			name = Main.storyboard;
			sourceTree = "<group>";
		};
		A37856811F0F4BAF00E3089C /* LaunchScreen.storyboard */ = {
			isa = PBXVariantGroup;
			children = (
				A37856821F0F4BAF00E3089C /* Base */,
			);
			name = LaunchScreen.storyboard;
			sourceTree = "<group>";
		};
/* End PBXVariantGroup section */

/* Begin XCBuildConfiguration section */
		A378569B1F0F4BAF00E3089C /* Debug */ = {
			isa = XCBuildConfiguration;
			buildSettings = {
				ALWAYS_SEARCH_USER_PATHS = NO;
				CLANG_ANALYZER_NONNULL = YES;
				CLANG_ANALYZER_NUMBER_OBJECT_CONVERSION = YES_AGGRESSIVE;
				CLANG_CXX_LANGUAGE_STANDARD = "gnu++0x";
				CLANG_CXX_LIBRARY = "libc++";
				CLANG_ENABLE_MODULES = YES;
				CLANG_ENABLE_OBJC_ARC = YES;
				CLANG_WARN_BOOL_CONVERSION = YES;
				CLANG_WARN_CONSTANT_CONVERSION = YES;
				CLANG_WARN_DIRECT_OBJC_ISA_USAGE = YES_ERROR;
				CLANG_WARN_DOCUMENTATION_COMMENTS = YES;
				CLANG_WARN_EMPTY_BODY = YES;
				CLANG_WARN_ENUM_CONVERSION = YES;
				CLANG_WARN_INFINITE_RECURSION = YES;
				CLANG_WARN_INT_CONVERSION = YES;
				CLANG_WARN_OBJC_ROOT_CLASS = YES_ERROR;
				CLANG_WARN_SUSPICIOUS_MOVE = YES;
				CLANG_WARN_UNREACHABLE_CODE = YES;
				CLANG_WARN__DUPLICATE_METHOD_MATCH = YES;
				"CODE_SIGN_IDENTITY[sdk=iphoneos*]" = "iPhone Developer";
				COPY_PHASE_STRIP = NO;
				DEBUG_INFORMATION_FORMAT = dwarf;
				ENABLE_STRICT_OBJC_MSGSEND = YES;
				ENABLE_TESTABILITY = YES;
				GCC_C_LANGUAGE_STANDARD = gnu99;
				GCC_DYNAMIC_NO_PIC = NO;
				GCC_NO_COMMON_BLOCKS = YES;
				GCC_OPTIMIZATION_LEVEL = 0;
				GCC_PREPROCESSOR_DEFINITIONS = (
					"DEBUG=1",
					"$(inherited)",
				);
				GCC_WARN_64_TO_32_BIT_CONVERSION = YES;
				GCC_WARN_ABOUT_RETURN_TYPE = YES_ERROR;
				GCC_WARN_UNDECLARED_SELECTOR = YES;
				GCC_WARN_UNINITIALIZED_AUTOS = YES_AGGRESSIVE;
				GCC_WARN_UNUSED_FUNCTION = YES;
				GCC_WARN_UNUSED_VARIABLE = YES;
				IPHONEOS_DEPLOYMENT_TARGET = 10.3;
				MTL_ENABLE_DEBUG_INFO = YES;
				ONLY_ACTIVE_ARCH = YES;
				SDKROOT = iphoneos;
				SWIFT_ACTIVE_COMPILATION_CONDITIONS = DEBUG;
				SWIFT_OPTIMIZATION_LEVEL = "-Onone";
				TARGETED_DEVICE_FAMILY = "1,2";
			};
			name = Debug;
		};
		A378569C1F0F4BAF00E3089C /* Release */ = {
			isa = XCBuildConfiguration;
			buildSettings = {
				ALWAYS_SEARCH_USER_PATHS = NO;
				CLANG_ANALYZER_NONNULL = YES;
				CLANG_ANALYZER_NUMBER_OBJECT_CONVERSION = YES_AGGRESSIVE;
				CLANG_CXX_LANGUAGE_STANDARD = "gnu++0x";
				CLANG_CXX_LIBRARY = "libc++";
				CLANG_ENABLE_MODULES = YES;
				CLANG_ENABLE_OBJC_ARC = YES;
				CLANG_WARN_BOOL_CONVERSION = YES;
				CLANG_WARN_CONSTANT_CONVERSION = YES;
				CLANG_WARN_DIRECT_OBJC_ISA_USAGE = YES_ERROR;
				CLANG_WARN_DOCUMENTATION_COMMENTS = YES;
				CLANG_WARN_EMPTY_BODY = YES;
				CLANG_WARN_ENUM_CONVERSION = YES;
				CLANG_WARN_INFINITE_RECURSION = YES;
				CLANG_WARN_INT_CONVERSION = YES;
				CLANG_WARN_OBJC_ROOT_CLASS = YES_ERROR;
				CLANG_WARN_SUSPICIOUS_MOVE = YES;
				CLANG_WARN_UNREACHABLE_CODE = YES;
				CLANG_WARN__DUPLICATE_METHOD_MATCH = YES;
				"CODE_SIGN_IDENTITY[sdk=iphoneos*]" = "iPhone Developer";
				COPY_PHASE_STRIP = NO;
				DEBUG_INFORMATION_FORMAT = "dwarf-with-dsym";
				ENABLE_NS_ASSERTIONS = NO;
				ENABLE_STRICT_OBJC_MSGSEND = YES;
				GCC_C_LANGUAGE_STANDARD = gnu99;
				GCC_NO_COMMON_BLOCKS = YES;
				GCC_WARN_64_TO_32_BIT_CONVERSION = YES;
				GCC_WARN_ABOUT_RETURN_TYPE = YES_ERROR;
				GCC_WARN_UNDECLARED_SELECTOR = YES;
				GCC_WARN_UNINITIALIZED_AUTOS = YES_AGGRESSIVE;
				GCC_WARN_UNUSED_FUNCTION = YES;
				GCC_WARN_UNUSED_VARIABLE = YES;
				IPHONEOS_DEPLOYMENT_TARGET = 10.3;
				MTL_ENABLE_DEBUG_INFO = NO;
				SDKROOT = iphoneos;
				SWIFT_OPTIMIZATION_LEVEL = "-Owholemodule";
				TARGETED_DEVICE_FAMILY = "1,2";
				VALIDATE_PRODUCT = YES;
			};
			name = Release;
		};
		A378569E1F0F4BAF00E3089C /* Debug */ = {
			isa = XCBuildConfiguration;
			buildSettings = {
				ASSETCATALOG_COMPILER_APPICON_NAME = AppIcon;
				DEVELOPMENT_TEAM = WDN889866X;
				INFOPLIST_FILE = MyApp/Info.plist;
				LD_RUNPATH_SEARCH_PATHS = "$(inherited) @executable_path/Frameworks";
				PRODUCT_BUNDLE_IDENTIFIER = com.vinhnx.MyApp;
				PRODUCT_NAME = "$(TARGET_NAME)";
				SWIFT_VERSION = 3.0;
			};
			name = Debug;
		};
		A378569F1F0F4BAF00E3089C /* Release */ = {
			isa = XCBuildConfiguration;
			buildSettings = {
				ASSETCATALOG_COMPILER_APPICON_NAME = AppIcon;
				DEVELOPMENT_TEAM = WDN889866X;
				INFOPLIST_FILE = MyApp/Info.plist;
				LD_RUNPATH_SEARCH_PATHS = "$(inherited) @executable_path/Frameworks";
				PRODUCT_BUNDLE_IDENTIFIER = com.vinhnx.MyApp;
				PRODUCT_NAME = "$(TARGET_NAME)";
				SWIFT_VERSION = 3.0;
			};
			name = Release;
		};
		A37856A11F0F4BAF00E3089C /* Debug */ = {
			isa = XCBuildConfiguration;
			buildSettings = {
				ALWAYS_EMBED_SWIFT_STANDARD_LIBRARIES = YES;
				BUNDLE_LOADER = "$(TEST_HOST)";
				DEVELOPMENT_TEAM = WDN889866X;
				INFOPLIST_FILE = MyAppTests/Info.plist;
				LD_RUNPATH_SEARCH_PATHS = "$(inherited) @executable_path/Frameworks @loader_path/Frameworks";
				PRODUCT_BUNDLE_IDENTIFIER = com.vinhnx.MyAppTests;
				PRODUCT_NAME = "$(TARGET_NAME)";
				SWIFT_VERSION = 3.0;
				TEST_HOST = "$(BUILT_PRODUCTS_DIR)/MyApp.app/MyApp";
			};
			name = Debug;
		};
		A37856A21F0F4BAF00E3089C /* Release */ = {
			isa = XCBuildConfiguration;
			buildSettings = {
				ALWAYS_EMBED_SWIFT_STANDARD_LIBRARIES = YES;
				BUNDLE_LOADER = "$(TEST_HOST)";
				DEVELOPMENT_TEAM = WDN889866X;
				INFOPLIST_FILE = MyAppTests/Info.plist;
				LD_RUNPATH_SEARCH_PATHS = "$(inherited) @executable_path/Frameworks @loader_path/Frameworks";
				PRODUCT_BUNDLE_IDENTIFIER = com.vinhnx.MyAppTests;
				PRODUCT_NAME = "$(TARGET_NAME)";
				SWIFT_VERSION = 3.0;
				TEST_HOST = "$(BUILT_PRODUCTS_DIR)/MyApp.app/MyApp";
			};
			name = Release;
		};
		A37856A41F0F4BAF00E3089C /* Debug */ = {
			isa = XCBuildConfiguration;
			buildSettings = {
				ALWAYS_EMBED_SWIFT_STANDARD_LIBRARIES = YES;
				DEVELOPMENT_TEAM = WDN889866X;
				INFOPLIST_FILE = MyAppUITests/Info.plist;
				LD_RUNPATH_SEARCH_PATHS = "$(inherited) @executable_path/Frameworks @loader_path/Frameworks";
				PRODUCT_BUNDLE_IDENTIFIER = com.vinhnx.MyAppUITests;
				PRODUCT_NAME = "$(TARGET_NAME)";
				SWIFT_VERSION = 3.0;
				TEST_TARGET_NAME = MyApp;
			};
			name = Debug;
		};
		A37856A51F0F4BAF00E3089C /* Release */ = {
			isa = XCBuildConfiguration;
			buildSettings = {
				ALWAYS_EMBED_SWIFT_STANDARD_LIBRARIES = YES;
				DEVELOPMENT_TEAM = WDN889866X;
				INFOPLIST_FILE = MyAppUITests/Info.plist;
				LD_RUNPATH_SEARCH_PATHS = "$(inherited) @executable_path/Frameworks @loader_path/Frameworks";
				PRODUCT_BUNDLE_IDENTIFIER = com.vinhnx.MyAppUITests;
				PRODUCT_NAME = "$(TARGET_NAME)";
				SWIFT_VERSION = 3.0;
				TEST_TARGET_NAME = MyApp;
			};
			name = Release;
		};
/* End XCBuildConfiguration section */

/* Begin XCConfigurationList section */
		A37856701F0F4BAE00E3089C /* Build configuration list for PBXProject "MyApp" */ = {
			isa = XCConfigurationList;
			buildConfigurations = (
				A378569B1F0F4BAF00E3089C /* Debug */,
				A378569C1F0F4BAF00E3089C /* Release */,
			);
			defaultConfigurationIsVisible = 0;
			defaultConfigurationName = Release;
		};
		A378569D1F0F4BAF00E3089C /* Build configuration list for PBXNativeTarget "MyApp" */ = {
			isa = XCConfigurationList;
			buildConfigurations = (
				A378569E1F0F4BAF00E3089C /* Debug */,
				A378569F1F0F4BAF00E3089C /* Release */,
			);
			defaultConfigurationIsVisible = 0;
		};
		A37856A01F0F4BAF00E3089C /* Build configuration list for PBXNativeTarget "MyAppTests" */ = {
			isa = XCConfigurationList;
			buildConfigurations = (
				A37856A11F0F4BAF00E3089C /* Debug */,
				A37856A21F0F4BAF00E3089C /* Release */,
			);
			defaultConfigurationIsVisible = 0;
		};
		A37856A31F0F4BAF00E3089C /* Build configuration list for PBXNativeTarget "MyAppUITests" */ = {
			isa = XCConfigurationList;
			buildConfigurations = (
				A37856A41F0F4BAF00E3089C /* Debug */,
				A37856A51F0F4BAF00E3089C /* Release */,
			);
			defaultConfigurationIsVisible = 0;
		};
/* End XCConfigurationList section */
	};
	rootObject = A378566D1F0F4BAE00E3089C /* Project object */;
}
